// !$*UTF8*$!
{
	archiveVersion = 1;
	classes = {
	};
	objectVersion = 50;
	objects = {

/* Begin PBXBuildFile section */
		04FFCD3224A4DF690006FC5C /* AppDelegate.swift in Sources */ = {isa = PBXBuildFile; fileRef = 04FFCD3124A4DF690006FC5C /* AppDelegate.swift */; };
		04FFCD3424A4DF690006FC5C /* SceneDelegate.swift in Sources */ = {isa = PBXBuildFile; fileRef = 04FFCD3324A4DF690006FC5C /* SceneDelegate.swift */; };
		04FFCD3624A4DF690006FC5C /* ViewController.swift in Sources */ = {isa = PBXBuildFile; fileRef = 04FFCD3524A4DF690006FC5C /* ViewController.swift */; };
		04FFCD3924A4DF690006FC5C /* Main.storyboard in Resources */ = {isa = PBXBuildFile; fileRef = 04FFCD3724A4DF690006FC5C /* Main.storyboard */; };
		04FFCD3C24A4DF690006FC5C /* AutoLayoutPlay.xcdatamodeld in Sources */ = {isa = PBXBuildFile; fileRef = 04FFCD3A24A4DF690006FC5C /* AutoLayoutPlay.xcdatamodeld */; };
		04FFCD3E24A4DF6A0006FC5C /* Assets.xcassets in Resources */ = {isa = PBXBuildFile; fileRef = 04FFCD3D24A4DF6A0006FC5C /* Assets.xcassets */; };
		04FFCD4124A4DF6A0006FC5C /* LaunchScreen.storyboard in Resources */ = {isa = PBXBuildFile; fileRef = 04FFCD3F24A4DF6A0006FC5C /* LaunchScreen.storyboard */; };
/* End PBXBuildFile section */

/* Begin PBXFileReference section */
		04FFCD2E24A4DF690006FC5C /* AutoLayoutPlay.app */ = {isa = PBXFileReference; explicitFileType = wrapper.application; includeInIndex = 0; path = AutoLayoutPlay.app; sourceTree = BUILT_PRODUCTS_DIR; };
		04FFCD3124A4DF690006FC5C /* AppDelegate.swift */ = {isa = PBXFileReference; lastKnownFileType = sourcecode.swift; path = AppDelegate.swift; sourceTree = "<group>"; };
		04FFCD3324A4DF690006FC5C /* SceneDelegate.swift */ = {isa = PBXFileReference; lastKnownFileType = sourcecode.swift; path = SceneDelegate.swift; sourceTree = "<group>"; };
		04FFCD3524A4DF690006FC5C /* ViewController.swift */ = {isa = PBXFileReference; lastKnownFileType = sourcecode.swift; path = ViewController.swift; sourceTree = "<group>"; };
		04FFCD3824A4DF690006FC5C /* Base */ = {isa = PBXFileReference; lastKnownFileType = file.storyboard; name = Base; path = Base.lproj/Main.storyboard; sourceTree = "<group>"; };
		04FFCD3B24A4DF690006FC5C /* AutoLayoutPlay.xcdatamodel */ = {isa = PBXFileReference; lastKnownFileType = wrapper.xcdatamodel; path = AutoLayoutPlay.xcdatamodel; sourceTree = "<group>"; };
		04FFCD3D24A4DF6A0006FC5C /* Assets.xcassets */ = {isa = PBXFileReference; lastKnownFileType = folder.assetcatalog; path = Assets.xcassets; sourceTree = "<group>"; };
		04FFCD4024A4DF6A0006FC5C /* Base */ = {isa = PBXFileReference; lastKnownFileType = file.storyboard; name = Base; path = Base.lproj/LaunchScreen.storyboard; sourceTree = "<group>"; };
		04FFCD4224A4DF6A0006FC5C /* Info.plist */ = {isa = PBXFileReference; lastKnownFileType = text.plist.xml; path = Info.plist; sourceTree = "<group>"; };
/* End PBXFileReference section */

/* Begin PBXFrameworksBuildPhase section */
		04FFCD2B24A4DF690006FC5C /* Frameworks */ = {
			isa = PBXFrameworksBuildPhase;
			buildActionMask = 2147483647;
			files = (
			);
			runOnlyForDeploymentPostprocessing = 0;
		};
/* End PBXFrameworksBuildPhase section */

/* Begin PBXGroup section */
		04FFCD2524A4DF690006FC5C = {
			isa = PBXGroup;
			children = (
				04FFCD3024A4DF690006FC5C /* AutoLayoutPlay */,
				04FFCD2F24A4DF690006FC5C /* Products */,
			);
			sourceTree = "<group>";
		};
		04FFCD2F24A4DF690006FC5C /* Products */ = {
			isa = PBXGroup;
			children = (
				04FFCD2E24A4DF690006FC5C /* AutoLayoutPlay.app */,
			);
			name = Products;
			sourceTree = "<group>";
		};
		04FFCD3024A4DF690006FC5C /* AutoLayoutPlay */ = {
			isa = PBXGroup;
			children = (
				04FFCD3124A4DF690006FC5C /* AppDelegate.swift */,
				04FFCD3324A4DF690006FC5C /* SceneDelegate.swift */,
				04FFCD3524A4DF690006FC5C /* ViewController.swift */,
				04FFCD3724A4DF690006FC5C /* Main.storyboard */,
				04FFCD3D24A4DF6A0006FC5C /* Assets.xcassets */,
				04FFCD3F24A4DF6A0006FC5C /* LaunchScreen.storyboard */,
				04FFCD4224A4DF6A0006FC5C /* Info.plist */,
				04FFCD3A24A4DF690006FC5C /* AutoLayoutPlay.xcdatamodeld */,
			);
			path = AutoLayoutPlay;
			sourceTree = "<group>";
		};
/* End PBXGroup section */

/* Begin PBXNativeTarget section */
		04FFCD2D24A4DF690006FC5C /* AutoLayoutPlay */ = {
			isa = PBXNativeTarget;
			buildConfigurationList = 04FFCD4524A4DF6A0006FC5C /* Build configuration list for PBXNativeTarget "AutoLayoutPlay" */;
			buildPhases = (
				04FFCD2A24A4DF690006FC5C /* Sources */,
				04FFCD2B24A4DF690006FC5C /* Frameworks */,
				04FFCD2C24A4DF690006FC5C /* Resources */,
			);
			buildRules = (
			);
			dependencies = (
			);
			name = AutoLayoutPlay;
			productName = AutoLayoutPlay;
			productReference = 04FFCD2E24A4DF690006FC5C /* AutoLayoutPlay.app */;
			productType = "com.apple.product-type.application";
		};
/* End PBXNativeTarget section */

/* Begin PBXProject section */
		04FFCD2624A4DF690006FC5C /* Project object */ = {
			isa = PBXProject;
			attributes = {
				LastSwiftUpdateCheck = 1150;
				LastUpgradeCheck = 1150;
				ORGANIZATIONNAME = Obsessed;
				TargetAttributes = {
					04FFCD2D24A4DF690006FC5C = {
						CreatedOnToolsVersion = 11.5;
					};
				};
			};
			buildConfigurationList = 04FFCD2924A4DF690006FC5C /* Build configuration list for PBXProject "AutoLayoutPlay" */;
			compatibilityVersion = "Xcode 9.3";
			developmentRegion = en;
			hasScannedForEncodings = 0;
			knownRegions = (
				en,
				Base,
			);
			mainGroup = 04FFCD2524A4DF690006FC5C;
			productRefGroup = 04FFCD2F24A4DF690006FC5C /* Products */;
			projectDirPath = "";
			projectRoot = "";
			targets = (
				04FFCD2D24A4DF690006FC5C /* AutoLayoutPlay */,
			);
		};
/* End PBXProject section */

/* Begin PBXResourcesBuildPhase section */
		04FFCD2C24A4DF690006FC5C /* Resources */ = {
			isa = PBXResourcesBuildPhase;
			buildActionMask = 2147483647;
			files = (
				04FFCD4124A4DF6A0006FC5C /* LaunchScreen.storyboard in Resources */,
				04FFCD3E24A4DF6A0006FC5C /* Assets.xcassets in Resources */,
				04FFCD3924A4DF690006FC5C /* Main.storyboard in Resources */,
			);
			runOnlyForDeploymentPostprocessing = 0;
		};
/* End PBXResourcesBuildPhase section */

/* Begin PBXSourcesBuildPhase section */
		04FFCD2A24A4DF690006FC5C /* Sources */ = {
			isa = PBXSourcesBuildPhase;
			buildActionMask = 2147483647;
			files = (
				04FFCD3C24A4DF690006FC5C /* AutoLayoutPlay.xcdatamodeld in Sources */,
				04FFCD3624A4DF690006FC5C /* ViewController.swift in Sources */,
				04FFCD3224A4DF690006FC5C /* AppDelegate.swift in Sources */,
				04FFCD3424A4DF690006FC5C /* SceneDelegate.swift in Sources */,
			);
			runOnlyForDeploymentPostprocessing = 0;
		};
/* End PBXSourcesBuildPhase section */

/* Begin PBXVariantGroup section */
		04FFCD3724A4DF690006FC5C /* Main.storyboard */ = {
			isa = PBXVariantGroup;
			children = (
				04FFCD3824A4DF690006FC5C /* Base */,
			);
			name = Main.storyboard;
			sourceTree = "<group>";
		};
		04FFCD3F24A4DF6A0006FC5C /* LaunchScreen.storyboard */ = {
			isa = PBXVariantGroup;
			children = (
				04FFCD4024A4DF6A0006FC5C /* Base */,
			);
			name = LaunchScreen.storyboard;
			sourceTree = "<group>";
		};
/* End PBXVariantGroup section */

/* Begin XCBuildConfiguration section */
		04FFCD4324A4DF6A0006FC5C /* Debug */ = {
			isa = XCBuildConfiguration;
			buildSettings = {
				ALWAYS_SEARCH_USER_PATHS = NO;
				CLANG_ANALYZER_NONNULL = YES;
				CLANG_ANALYZER_NUMBER_OBJECT_CONVERSION = YES_AGGRESSIVE;
				CLANG_CXX_LANGUAGE_STANDARD = "gnu++14";
				CLANG_CXX_LIBRARY = "libc++";
				CLANG_ENABLE_MODULES = YES;
				CLANG_ENABLE_OBJC_ARC = YES;
				CLANG_ENABLE_OBJC_WEAK = YES;
				CLANG_WARN_BLOCK_CAPTURE_AUTORELEASING = YES;
				CLANG_WARN_BOOL_CONVERSION = YES;
				CLANG_WARN_COMMA = YES;
				CLANG_WARN_CONSTANT_CONVERSION = YES;
				CLANG_WARN_DEPRECATED_OBJC_IMPLEMENTATIONS = YES;
				CLANG_WARN_DIRECT_OBJC_ISA_USAGE = YES_ERROR;
				CLANG_WARN_DOCUMENTATION_COMMENTS = YES;
				CLANG_WARN_EMPTY_BODY = YES;
				CLANG_WARN_ENUM_CONVERSION = YES;
				CLANG_WARN_INFINITE_RECURSION = YES;
				CLANG_WARN_INT_CONVERSION = YES;
				CLANG_WARN_NON_LITERAL_NULL_CONVERSION = YES;
				CLANG_WARN_OBJC_IMPLICIT_RETAIN_SELF = YES;
				CLANG_WARN_OBJC_LITERAL_CONVERSION = YES;
				CLANG_WARN_OBJC_ROOT_CLASS = YES_ERROR;
				CLANG_WARN_RANGE_LOOP_ANALYSIS = YES;
				CLANG_WARN_STRICT_PROTOTYPES = YES;
				CLANG_WARN_SUSPICIOUS_MOVE = YES;
				CLANG_WARN_UNGUARDED_AVAILABILITY = YES_AGGRESSIVE;
				CLANG_WARN_UNREACHABLE_CODE = YES;
				CLANG_WARN__DUPLICATE_METHOD_MATCH = YES;
				COPY_PHASE_STRIP = NO;
				DEBUG_INFORMATION_FORMAT = dwarf;
				ENABLE_STRICT_OBJC_MSGSEND = YES;
				ENABLE_TESTABILITY = YES;
				GCC_C_LANGUAGE_STANDARD = gnu11;
				GCC_DYNAMIC_NO_PIC = NO;
				GCC_NO_COMMON_BLOCKS = YES;
				GCC_OPTIMIZATION_LEVEL = 0;
				GCC_PREPROCESSOR_DEFINITIONS = (
					"DEBUG=1",
					"$(inherited)",
				);
				GCC_WARN_64_TO_32_BIT_CONVERSION = YES;
				GCC_WARN_ABOUT_RETURN_TYPE = YES_ERROR;
				GCC_WARN_UNDECLARED_SELECTOR = YES;
				GCC_WARN_UNINITIALIZED_AUTOS = YES_AGGRESSIVE;
				GCC_WARN_UNUSED_FUNCTION = YES;
				GCC_WARN_UNUSED_VARIABLE = YES;
				IPHONEOS_DEPLOYMENT_TARGET = 13.5;
				MTL_ENABLE_DEBUG_INFO = INCLUDE_SOURCE;
				MTL_FAST_MATH = YES;
				ONLY_ACTIVE_ARCH = YES;
				SDKROOT = iphoneos;
				SWIFT_ACTIVE_COMPILATION_CONDITIONS = DEBUG;
				SWIFT_OPTIMIZATION_LEVEL = "-Onone";
			};
			name = Debug;
		};
		04FFCD4424A4DF6A0006FC5C /* Release */ = {
			isa = XCBuildConfiguration;
			buildSettings = {
				ALWAYS_SEARCH_USER_PATHS = NO;
				CLANG_ANALYZER_NONNULL = YES;
				CLANG_ANALYZER_NUMBER_OBJECT_CONVERSION = YES_AGGRESSIVE;
				CLANG_CXX_LANGUAGE_STANDARD = "gnu++14";
				CLANG_CXX_LIBRARY = "libc++";
				CLANG_ENABLE_MODULES = YES;
				CLANG_ENABLE_OBJC_ARC = YES;
				CLANG_ENABLE_OBJC_WEAK = YES;
				CLANG_WARN_BLOCK_CAPTURE_AUTORELEASING = YES;
				CLANG_WARN_BOOL_CONVERSION = YES;
				CLANG_WARN_COMMA = YES;
				CLANG_WARN_CONSTANT_CONVERSION = YES;
				CLANG_WARN_DEPRECATED_OBJC_IMPLEMENTATIONS = YES;
				CLANG_WARN_DIRECT_OBJC_ISA_USAGE = YES_ERROR;
				CLANG_WARN_DOCUMENTATION_COMMENTS = YES;
				CLANG_WARN_EMPTY_BODY = YES;
				CLANG_WARN_ENUM_CONVERSION = YES;
				CLANG_WARN_INFINITE_RECURSION = YES;
				CLANG_WARN_INT_CONVERSION = YES;
				CLANG_WARN_NON_LITERAL_NULL_CONVERSION = YES;
				CLANG_WARN_OBJC_IMPLICIT_RETAIN_SELF = YES;
				CLANG_WARN_OBJC_LITERAL_CONVERSION = YES;
				CLANG_WARN_OBJC_ROOT_CLASS = YES_ERROR;
				CLANG_WARN_RANGE_LOOP_ANALYSIS = YES;
				CLANG_WARN_STRICT_PROTOTYPES = YES;
				CLANG_WARN_SUSPICIOUS_MOVE = YES;
				CLANG_WARN_UNGUARDED_AVAILABILITY = YES_AGGRESSIVE;
				CLANG_WARN_UNREACHABLE_CODE = YES;
				CLANG_WARN__DUPLICATE_METHOD_MATCH = YES;
				COPY_PHASE_STRIP = NO;
				DEBUG_INFORMATION_FORMAT = "dwarf-with-dsym";
				ENABLE_NS_ASSERTIONS = NO;
				ENABLE_STRICT_OBJC_MSGSEND = YES;
				GCC_C_LANGUAGE_STANDARD = gnu11;
				GCC_NO_COMMON_BLOCKS = YES;
				GCC_WARN_64_TO_32_BIT_CONVERSION = YES;
				GCC_WARN_ABOUT_RETURN_TYPE = YES_ERROR;
				GCC_WARN_UNDECLARED_SELECTOR = YES;
				GCC_WARN_UNINITIALIZED_AUTOS = YES_AGGRESSIVE;
				GCC_WARN_UNUSED_FUNCTION = YES;
				GCC_WARN_UNUSED_VARIABLE = YES;
				IPHONEOS_DEPLOYMENT_TARGET = 13.5;
				MTL_ENABLE_DEBUG_INFO = NO;
				MTL_FAST_MATH = YES;
				SDKROOT = iphoneos;
				SWIFT_COMPILATION_MODE = wholemodule;
				SWIFT_OPTIMIZATION_LEVEL = "-O";
				VALIDATE_PRODUCT = YES;
			};
			name = Release;
		};
		04FFCD4624A4DF6A0006FC5C /* Debug */ = {
			isa = XCBuildConfiguration;
			buildSettings = {
				ASSETCATALOG_COMPILER_APPICON_NAME = AppIcon;
				CODE_SIGN_STYLE = Automatic;
				DEVELOPMENT_TEAM = SS4NDGM5S9;
				INFOPLIST_FILE = AutoLayoutPlay/Info.plist;
				LD_RUNPATH_SEARCH_PATHS = (
					"$(inherited)",
					"@executable_path/Frameworks",
				);
				PRODUCT_BUNDLE_IDENTIFIER = com.obsessed.AutoLayoutPlay;
				PRODUCT_NAME = "$(TARGET_NAME)";
				SWIFT_VERSION = 5.0;
				TARGETED_DEVICE_FAMILY = "1,2";
			};
			name = Debug;
		};
		04FFCD4724A4DF6A0006FC5C /* Release */ = {
			isa = XCBuildConfiguration;
			buildSettings = {
				ASSETCATALOG_COMPILER_APPICON_NAME = AppIcon;
				CODE_SIGN_STYLE = Automatic;
				DEVELOPMENT_TEAM = SS4NDGM5S9;
				INFOPLIST_FILE = AutoLayoutPlay/Info.plist;
				LD_RUNPATH_SEARCH_PATHS = (
					"$(inherited)",
					"@executable_path/Frameworks",
				);
				PRODUCT_BUNDLE_IDENTIFIER = com.obsessed.AutoLayoutPlay;
				PRODUCT_NAME = "$(TARGET_NAME)";
				SWIFT_VERSION = 5.0;
				TARGETED_DEVICE_FAMILY = "1,2";
			};
			name = Release;
		};
/* End XCBuildConfiguration section */

/* Begin XCConfigurationList section */
		04FFCD2924A4DF690006FC5C /* Build configuration list for PBXProject "AutoLayoutPlay" */ = {
			isa = XCConfigurationList;
			buildConfigurations = (
				04FFCD4324A4DF6A0006FC5C /* Debug */,
				04FFCD4424A4DF6A0006FC5C /* Release */,
			);
			defaultConfigurationIsVisible = 0;
			defaultConfigurationName = Release;
		};
		04FFCD4524A4DF6A0006FC5C /* Build configuration list for PBXNativeTarget "AutoLayoutPlay" */ = {
			isa = XCConfigurationList;
			buildConfigurations = (
				04FFCD4624A4DF6A0006FC5C /* Debug */,
				04FFCD4724A4DF6A0006FC5C /* Release */,
			);
			defaultConfigurationIsVisible = 0;
			defaultConfigurationName = Release;
		};
/* End XCConfigurationList section */

/* Begin XCVersionGroup section */
		04FFCD3A24A4DF690006FC5C /* AutoLayoutPlay.xcdatamodeld */ = {
			isa = XCVersionGroup;
			children = (
				04FFCD3B24A4DF690006FC5C /* AutoLayoutPlay.xcdatamodel */,
			);
			currentVersion = 04FFCD3B24A4DF690006FC5C /* AutoLayoutPlay.xcdatamodel */;
			path = AutoLayoutPlay.xcdatamodeld;
			sourceTree = "<group>";
			versionGroupType = wrapper.xcdatamodel;
		};
/* End XCVersionGroup section */
	};
	rootObject = 04FFCD2624A4DF690006FC5C /* Project object */;
}
